
Microsoft Visual Studio Solution File, Format Version 12.00
# Visual Studio Version 16
VisualStudioVersion = 16.0.29209.62
MinimumVisualStudioVersion = 10.0.40219.1
Project("{9A19103F-16F7-4668-BE54-9A1E7A4F7556}") = "CTS.Common.Utilities", "CTS.Common.Utilities\CTS.Common.Utilities.csproj", "{E38D73B6-D673-419B-A7BB-C2E4DE861F33}"
EndProject
Project("{9A19103F-16F7-4668-BE54-9A1E7A4F7556}") = "JunoHost", "JunoHost\JunoHost.csproj", "{7F8F50E1-656A-406A-91BF-C6A8E721609A}"
EndProject
Project("{9A19103F-16F7-4668-BE54-9A1E7A4F7556}") = "CTS.Oberon", "CTS.Oberon\CTS.Oberon.csproj", "{19F9671B-5596-45AE-B507-5FD1CA40EC36}"
EndProject
Project("{2150E333-8FDC-42A3-9474-1A3956D46DE8}") = "Solution Items", "Solution Items", "{574CB735-D609-435C-9F07-195B37B07BD6}"
EndProject
Project("{FAE04EC0-301F-11D3-BF4B-00C04F79EFBC}") = "CTS.Callisto", "CTS.Callisto\CTS.Callisto.csproj", "{52D24629-D25D-4D43-BB53-15111D9948C2}"
EndProject
Project("{FAE04EC0-301F-11D3-BF4B-00C04F79EFBC}") = "CTS.Juno.Common", "CTS.Juno.Common\CTS.Juno.Common.csproj", "{6665B6A7-44A0-480F-83BA-166F1485D840}"
EndProject
Global
	GlobalSection(SolutionConfigurationPlatforms) = preSolution
		Debug|Any CPU = Debug|Any CPU
		Debug|ARM = Debug|ARM
		Debug|ARM64 = Debug|ARM64
		Debug|x64 = Debug|x64
		Debug|x86 = Debug|x86
		Release|Any CPU = Release|Any CPU
		Release|ARM = Release|ARM
		Release|ARM64 = Release|ARM64
		Release|x64 = Release|x64
		Release|x86 = Release|x86
	EndGlobalSection
	GlobalSection(ProjectConfigurationPlatforms) = postSolution
		{E38D73B6-D673-419B-A7BB-C2E4DE861F33}.Debug|Any CPU.ActiveCfg = Debug|Any CPU
		{E38D73B6-D673-419B-A7BB-C2E4DE861F33}.Debug|Any CPU.Build.0 = Debug|Any CPU
		{E38D73B6-D673-419B-A7BB-C2E4DE861F33}.Debug|ARM.ActiveCfg = Debug|Any CPU
		{E38D73B6-D673-419B-A7BB-C2E4DE861F33}.Debug|ARM.Build.0 = Debug|Any CPU
		{E38D73B6-D673-419B-A7BB-C2E4DE861F33}.Debug|ARM64.ActiveCfg = Debug|Any CPU
		{E38D73B6-D673-419B-A7BB-C2E4DE861F33}.Debug|ARM64.Build.0 = Debug|Any CPU
		{E38D73B6-D673-419B-A7BB-C2E4DE861F33}.Debug|x64.ActiveCfg = Debug|Any CPU
		{E38D73B6-D673-419B-A7BB-C2E4DE861F33}.Debug|x64.Build.0 = Debug|Any CPU
		{E38D73B6-D673-419B-A7BB-C2E4DE861F33}.Debug|x86.ActiveCfg = Debug|Any CPU
		{E38D73B6-D673-419B-A7BB-C2E4DE861F33}.Debug|x86.Build.0 = Debug|Any CPU
		{E38D73B6-D673-419B-A7BB-C2E4DE861F33}.Release|Any CPU.ActiveCfg = Release|Any CPU
		{E38D73B6-D673-419B-A7BB-C2E4DE861F33}.Release|Any CPU.Build.0 = Release|Any CPU
		{E38D73B6-D673-419B-A7BB-C2E4DE861F33}.Release|ARM.ActiveCfg = Release|Any CPU
		{E38D73B6-D673-419B-A7BB-C2E4DE861F33}.Release|ARM.Build.0 = Release|Any CPU
		{E38D73B6-D673-419B-A7BB-C2E4DE861F33}.Release|ARM64.ActiveCfg = Release|Any CPU
		{E38D73B6-D673-419B-A7BB-C2E4DE861F33}.Release|ARM64.Build.0 = Release|Any CPU
		{E38D73B6-D673-419B-A7BB-C2E4DE861F33}.Release|x64.ActiveCfg = Release|Any CPU
		{E38D73B6-D673-419B-A7BB-C2E4DE861F33}.Release|x64.Build.0 = Release|Any CPU
		{E38D73B6-D673-419B-A7BB-C2E4DE861F33}.Release|x86.ActiveCfg = Release|Any CPU
		{E38D73B6-D673-419B-A7BB-C2E4DE861F33}.Release|x86.Build.0 = Release|Any CPU
		{7F8F50E1-656A-406A-91BF-C6A8E721609A}.Debug|Any CPU.ActiveCfg = Debug|Any CPU
		{7F8F50E1-656A-406A-91BF-C6A8E721609A}.Debug|Any CPU.Build.0 = Debug|Any CPU
		{7F8F50E1-656A-406A-91BF-C6A8E721609A}.Debug|ARM.ActiveCfg = Debug|Any CPU
		{7F8F50E1-656A-406A-91BF-C6A8E721609A}.Debug|ARM.Build.0 = Debug|Any CPU
		{7F8F50E1-656A-406A-91BF-C6A8E721609A}.Debug|ARM64.ActiveCfg = Debug|Any CPU
		{7F8F50E1-656A-406A-91BF-C6A8E721609A}.Debug|ARM64.Build.0 = Debug|Any CPU
		{7F8F50E1-656A-406A-91BF-C6A8E721609A}.Debug|x64.ActiveCfg = Debug|Any CPU
		{7F8F50E1-656A-406A-91BF-C6A8E721609A}.Debug|x64.Build.0 = Debug|Any CPU
		{7F8F50E1-656A-406A-91BF-C6A8E721609A}.Debug|x86.ActiveCfg = Debug|Any CPU
		{7F8F50E1-656A-406A-91BF-C6A8E721609A}.Debug|x86.Build.0 = Debug|Any CPU
		{7F8F50E1-656A-406A-91BF-C6A8E721609A}.Release|Any CPU.ActiveCfg = Release|Any CPU
		{7F8F50E1-656A-406A-91BF-C6A8E721609A}.Release|Any CPU.Build.0 = Release|Any CPU
		{7F8F50E1-656A-406A-91BF-C6A8E721609A}.Release|ARM.ActiveCfg = Release|Any CPU
		{7F8F50E1-656A-406A-91BF-C6A8E721609A}.Release|ARM.Build.0 = Release|Any CPU
		{7F8F50E1-656A-406A-91BF-C6A8E721609A}.Release|ARM64.ActiveCfg = Release|Any CPU
		{7F8F50E1-656A-406A-91BF-C6A8E721609A}.Release|ARM64.Build.0 = Release|Any CPU
		{7F8F50E1-656A-406A-91BF-C6A8E721609A}.Release|x64.ActiveCfg = Release|Any CPU
		{7F8F50E1-656A-406A-91BF-C6A8E721609A}.Release|x64.Build.0 = Release|Any CPU
		{7F8F50E1-656A-406A-91BF-C6A8E721609A}.Release|x86.ActiveCfg = Release|Any CPU
		{7F8F50E1-656A-406A-91BF-C6A8E721609A}.Release|x86.Build.0 = Release|Any CPU
		{19F9671B-5596-45AE-B507-5FD1CA40EC36}.Debug|Any CPU.ActiveCfg = Debug|Any CPU
		{19F9671B-5596-45AE-B507-5FD1CA40EC36}.Debug|Any CPU.Build.0 = Debug|Any CPU
		{19F9671B-5596-45AE-B507-5FD1CA40EC36}.Debug|ARM.ActiveCfg = Debug|Any CPU
		{19F9671B-5596-45AE-B507-5FD1CA40EC36}.Debug|ARM.Build.0 = Debug|Any CPU
		{19F9671B-5596-45AE-B507-5FD1CA40EC36}.Debug|ARM64.ActiveCfg = Debug|Any CPU
		{19F9671B-5596-45AE-B507-5FD1CA40EC36}.Debug|ARM64.Build.0 = Debug|Any CPU
		{19F9671B-5596-45AE-B507-5FD1CA40EC36}.Debug|x64.ActiveCfg = Debug|Any CPU
		{19F9671B-5596-45AE-B507-5FD1CA40EC36}.Debug|x64.Build.0 = Debug|Any CPU
		{19F9671B-5596-45AE-B507-5FD1CA40EC36}.Debug|x86.ActiveCfg = Debug|Any CPU
		{19F9671B-5596-45AE-B507-5FD1CA40EC36}.Debug|x86.Build.0 = Debug|Any CPU
		{19F9671B-5596-45AE-B507-5FD1CA40EC36}.Release|Any CPU.ActiveCfg = Release|Any CPU
		{19F9671B-5596-45AE-B507-5FD1CA40EC36}.Release|Any CPU.Build.0 = Release|Any CPU
		{19F9671B-5596-45AE-B507-5FD1CA40EC36}.Release|ARM.ActiveCfg = Release|Any CPU
		{19F9671B-5596-45AE-B507-5FD1CA40EC36}.Release|ARM.Build.0 = Release|Any CPU
		{19F9671B-5596-45AE-B507-5FD1CA40EC36}.Release|ARM64.ActiveCfg = Release|Any CPU
		{19F9671B-5596-45AE-B507-5FD1CA40EC36}.Release|ARM64.Build.0 = Release|Any CPU
		{19F9671B-5596-45AE-B507-5FD1CA40EC36}.Release|x64.ActiveCfg = Release|Any CPU
		{19F9671B-5596-45AE-B507-5FD1CA40EC36}.Release|x64.Build.0 = Release|Any CPU
		{19F9671B-5596-45AE-B507-5FD1CA40EC36}.Release|x86.ActiveCfg = Release|Any CPU
		{19F9671B-5596-45AE-B507-5FD1CA40EC36}.Release|x86.Build.0 = Release|Any CPU
		{52D24629-D25D-4D43-BB53-15111D9948C2}.Debug|Any CPU.ActiveCfg = Debug|Any CPU
		{52D24629-D25D-4D43-BB53-15111D9948C2}.Debug|Any CPU.Build.0 = Debug|Any CPU
		{52D24629-D25D-4D43-BB53-15111D9948C2}.Debug|ARM.ActiveCfg = Debug|Any CPU
		{52D24629-D25D-4D43-BB53-15111D9948C2}.Debug|ARM.Build.0 = Debug|Any CPU
		{52D24629-D25D-4D43-BB53-15111D9948C2}.Debug|ARM64.ActiveCfg = Debug|Any CPU
		{52D24629-D25D-4D43-BB53-15111D9948C2}.Debug|ARM64.Build.0 = Debug|Any CPU
		{52D24629-D25D-4D43-BB53-15111D9948C2}.Debug|x64.ActiveCfg = Debug|Any CPU
		{52D24629-D25D-4D43-BB53-15111D9948C2}.Debug|x64.Build.0 = Debug|Any CPU
		{52D24629-D25D-4D43-BB53-15111D9948C2}.Debug|x86.ActiveCfg = Debug|Any CPU
		{52D24629-D25D-4D43-BB53-15111D9948C2}.Debug|x86.Build.0 = Debug|Any CPU
		{52D24629-D25D-4D43-BB53-15111D9948C2}.Release|Any CPU.ActiveCfg = Release|Any CPU
		{52D24629-D25D-4D43-BB53-15111D9948C2}.Release|Any CPU.Build.0 = Release|Any CPU
		{52D24629-D25D-4D43-BB53-15111D9948C2}.Release|ARM.ActiveCfg = Release|Any CPU
		{52D24629-D25D-4D43-BB53-15111D9948C2}.Release|ARM.Build.0 = Release|Any CPU
		{52D24629-D25D-4D43-BB53-15111D9948C2}.Release|ARM64.ActiveCfg = Release|Any CPU
		{52D24629-D25D-4D43-BB53-15111D9948C2}.Release|ARM64.Build.0 = Release|Any CPU
		{52D24629-D25D-4D43-BB53-15111D9948C2}.Release|x64.ActiveCfg = Release|Any CPU
		{52D24629-D25D-4D43-BB53-15111D9948C2}.Release|x64.Build.0 = Release|Any CPU
		{52D24629-D25D-4D43-BB53-15111D9948C2}.Release|x86.ActiveCfg = Release|Any CPU
		{52D24629-D25D-4D43-BB53-15111D9948C2}.Release|x86.Build.0 = Release|Any CPU
		{6665B6A7-44A0-480F-83BA-166F1485D840}.Debug|Any CPU.ActiveCfg = Debug|Any CPU
		{6665B6A7-44A0-480F-83BA-166F1485D840}.Debug|Any CPU.Build.0 = Debug|Any CPU
		{6665B6A7-44A0-480F-83BA-166F1485D840}.Debug|ARM.ActiveCfg = Debug|Any CPU
		{6665B6A7-44A0-480F-83BA-166F1485D840}.Debug|ARM.Build.0 = Debug|Any CPU
		{6665B6A7-44A0-480F-83BA-166F1485D840}.Debug|ARM64.ActiveCfg = Debug|Any CPU
		{6665B6A7-44A0-480F-83BA-166F1485D840}.Debug|ARM64.Build.0 = Debug|Any CPU
		{6665B6A7-44A0-480F-83BA-166F1485D840}.Debug|x64.ActiveCfg = Debug|Any CPU
		{6665B6A7-44A0-480F-83BA-166F1485D840}.Debug|x64.Build.0 = Debug|Any CPU
		{6665B6A7-44A0-480F-83BA-166F1485D840}.Debug|x86.ActiveCfg = Debug|Any CPU
		{6665B6A7-44A0-480F-83BA-166F1485D840}.Debug|x86.Build.0 = Debug|Any CPU
		{6665B6A7-44A0-480F-83BA-166F1485D840}.Release|Any CPU.ActiveCfg = Release|Any CPU
		{6665B6A7-44A0-480F-83BA-166F1485D840}.Release|Any CPU.Build.0 = Release|Any CPU
		{6665B6A7-44A0-480F-83BA-166F1485D840}.Release|ARM.ActiveCfg = Release|Any CPU
		{6665B6A7-44A0-480F-83BA-166F1485D840}.Release|ARM.Build.0 = Release|Any CPU
		{6665B6A7-44A0-480F-83BA-166F1485D840}.Release|ARM64.ActiveCfg = Release|Any CPU
		{6665B6A7-44A0-480F-83BA-166F1485D840}.Release|ARM64.Build.0 = Release|Any CPU
		{6665B6A7-44A0-480F-83BA-166F1485D840}.Release|x64.ActiveCfg = Release|Any CPU
		{6665B6A7-44A0-480F-83BA-166F1485D840}.Release|x64.Build.0 = Release|Any CPU
		{6665B6A7-44A0-480F-83BA-166F1485D840}.Release|x86.ActiveCfg = Release|Any CPU
		{6665B6A7-44A0-480F-83BA-166F1485D840}.Release|x86.Build.0 = Release|Any CPU
	EndGlobalSection
	GlobalSection(SolutionProperties) = preSolution
		HideSolutionNode = FALSE
	EndGlobalSection
	GlobalSection(ExtensibilityGlobals) = postSolution
		SolutionGuid = {DE9C4EBA-B79D-43D2-B1FC-005A70C8BAE8}
	EndGlobalSection
EndGlobal
